// !$*UTF8*$!
{
	archiveVersion = 1;
	classes = {
	};
	objectVersion = 46;
	objects = {

/* Begin PBXBuildFile section */
		BE1C346B170129EC005479B1 /* loader.gif in Resources */ = {isa = PBXBuildFile; fileRef = BE1C346A170129EC005479B1 /* loader.gif */; };
		BE1C348B17012C33005479B1 /* frame-1.gif in Resources */ = {isa = PBXBuildFile; fileRef = BE1C346D17012C33005479B1 /* frame-1.gif */; };
		BE1C348C17012C33005479B1 /* frame-10.gif in Resources */ = {isa = PBXBuildFile; fileRef = BE1C346E17012C33005479B1 /* frame-10.gif */; };
		BE1C348D17012C33005479B1 /* frame-11.gif in Resources */ = {isa = PBXBuildFile; fileRef = BE1C346F17012C33005479B1 /* frame-11.gif */; };
		BE1C348E17012C33005479B1 /* frame-12.gif in Resources */ = {isa = PBXBuildFile; fileRef = BE1C347017012C33005479B1 /* frame-12.gif */; };
		BE1C348F17012C33005479B1 /* frame-13.gif in Resources */ = {isa = PBXBuildFile; fileRef = BE1C347117012C33005479B1 /* frame-13.gif */; };
		BE1C349017012C33005479B1 /* frame-14.gif in Resources */ = {isa = PBXBuildFile; fileRef = BE1C347217012C33005479B1 /* frame-14.gif */; };
		BE1C349117012C33005479B1 /* frame-15.gif in Resources */ = {isa = PBXBuildFile; fileRef = BE1C347317012C33005479B1 /* frame-15.gif */; };
		BE1C349217012C33005479B1 /* frame-16.gif in Resources */ = {isa = PBXBuildFile; fileRef = BE1C347417012C33005479B1 /* frame-16.gif */; };
		BE1C349317012C33005479B1 /* frame-17.gif in Resources */ = {isa = PBXBuildFile; fileRef = BE1C347517012C33005479B1 /* frame-17.gif */; };
		BE1C349417012C33005479B1 /* frame-18.gif in Resources */ = {isa = PBXBuildFile; fileRef = BE1C347617012C33005479B1 /* frame-18.gif */; };
		BE1C349517012C33005479B1 /* frame-19.gif in Resources */ = {isa = PBXBuildFile; fileRef = BE1C347717012C33005479B1 /* frame-19.gif */; };
		BE1C349617012C33005479B1 /* frame-2.gif in Resources */ = {isa = PBXBuildFile; fileRef = BE1C347817012C33005479B1 /* frame-2.gif */; };
		BE1C349717012C33005479B1 /* frame-20.gif in Resources */ = {isa = PBXBuildFile; fileRef = BE1C347917012C33005479B1 /* frame-20.gif */; };
		BE1C349817012C33005479B1 /* frame-21.gif in Resources */ = {isa = PBXBuildFile; fileRef = BE1C347A17012C33005479B1 /* frame-21.gif */; };
		BE1C349917012C33005479B1 /* frame-22.gif in Resources */ = {isa = PBXBuildFile; fileRef = BE1C347B17012C33005479B1 /* frame-22.gif */; };
		BE1C349A17012C33005479B1 /* frame-23.gif in Resources */ = {isa = PBXBuildFile; fileRef = BE1C347C17012C33005479B1 /* frame-23.gif */; };
		BE1C349B17012C33005479B1 /* frame-24.gif in Resources */ = {isa = PBXBuildFile; fileRef = BE1C347D17012C33005479B1 /* frame-24.gif */; };
		BE1C349C17012C33005479B1 /* frame-25.gif in Resources */ = {isa = PBXBuildFile; fileRef = BE1C347E17012C33005479B1 /* frame-25.gif */; };
		BE1C349D17012C33005479B1 /* frame-26.gif in Resources */ = {isa = PBXBuildFile; fileRef = BE1C347F17012C33005479B1 /* frame-26.gif */; };
		BE1C349E17012C33005479B1 /* frame-27.gif in Resources */ = {isa = PBXBuildFile; fileRef = BE1C348017012C33005479B1 /* frame-27.gif */; };
		BE1C349F17012C33005479B1 /* frame-28.gif in Resources */ = {isa = PBXBuildFile; fileRef = BE1C348117012C33005479B1 /* frame-28.gif */; };
		BE1C34A017012C33005479B1 /* frame-29.gif in Resources */ = {isa = PBXBuildFile; fileRef = BE1C348217012C33005479B1 /* frame-29.gif */; };
		BE1C34A117012C33005479B1 /* frame-3.gif in Resources */ = {isa = PBXBuildFile; fileRef = BE1C348317012C33005479B1 /* frame-3.gif */; };
		BE1C34A217012C33005479B1 /* frame-30.gif in Resources */ = {isa = PBXBuildFile; fileRef = BE1C348417012C33005479B1 /* frame-30.gif */; };
		BE1C34A317012C33005479B1 /* frame-4.gif in Resources */ = {isa = PBXBuildFile; fileRef = BE1C348517012C33005479B1 /* frame-4.gif */; };
		BE1C34A417012C33005479B1 /* frame-5.gif in Resources */ = {isa = PBXBuildFile; fileRef = BE1C348617012C33005479B1 /* frame-5.gif */; };
		BE1C34A517012C33005479B1 /* frame-6.gif in Resources */ = {isa = PBXBuildFile; fileRef = BE1C348717012C33005479B1 /* frame-6.gif */; };
		BE1C34A617012C33005479B1 /* frame-7.gif in Resources */ = {isa = PBXBuildFile; fileRef = BE1C348817012C33005479B1 /* frame-7.gif */; };
		BE1C34A717012C33005479B1 /* frame-8.gif in Resources */ = {isa = PBXBuildFile; fileRef = BE1C348917012C33005479B1 /* frame-8.gif */; };
		BE1C34A817012C33005479B1 /* frame-9.gif in Resources */ = {isa = PBXBuildFile; fileRef = BE1C348A17012C33005479B1 /* frame-9.gif */; };
		BE21C93E17B4906900FC6876 /* HandsBLE.m in Sources */ = {isa = PBXBuildFile; fileRef = BE21C93D17B4906900FC6876 /* HandsBLE.m */; };
		BE21C94117B4942100FC6876 /* Hand.m in Sources */ = {isa = PBXBuildFile; fileRef = BE21C94017B4942100FC6876 /* Hand.m */; };
		BE4D4FF1177F9E1600CA5554 /* LaserViewController.m in Sources */ = {isa = PBXBuildFile; fileRef = BE4D4FF0177F9E1600CA5554 /* LaserViewController.m */; };
		BE521B1C17B7327100D395C2 /* HandsModel.m in Sources */ = {isa = PBXBuildFile; fileRef = BE521B1B17B7327100D395C2 /* HandsModel.m */; };
		BE590FDD17A20E8800E16DE4 /* ColorUpdateCommand.m in Sources */ = {isa = PBXBuildFile; fileRef = BE590FDC17A20E8800E16DE4 /* ColorUpdateCommand.m */; };
		BE6C3D9C1787A234007E9B8F /* HandsCell.m in Sources */ = {isa = PBXBuildFile; fileRef = BE6C3D9B1787A234007E9B8F /* HandsCell.m */; };
		BE7690BD17733D7000B27D77 /* HandsIcon.png in Resources */ = {isa = PBXBuildFile; fileRef = BE7690BC17733D7000B27D77 /* HandsIcon.png */; };
		BE7690BF17733DA800B27D77 /* HandsIcon_iPhone.png in Resources */ = {isa = PBXBuildFile; fileRef = BE7690BE17733DA800B27D77 /* HandsIcon_iPhone.png */; };
		BE7FFA4917BB30AA00F4131F /* Coordinate.m in Sources */ = {isa = PBXBuildFile; fileRef = BE7FFA4817BB30AA00F4131F /* Coordinate.m */; };
		BE884CCF17A5CAE7003D10F2 /* GridMapper.m in Sources */ = {isa = PBXBuildFile; fileRef = BE884CCE17A5CAE7003D10F2 /* GridMapper.m */; };
		BE8D9E611777A3840047BFBD /* connect.png in Resources */ = {isa = PBXBuildFile; fileRef = BE8D9E601777A3840047BFBD /* connect.png */; };
		BE8D9E641777B9920047BFBD /* Mode.m in Sources */ = {isa = PBXBuildFile; fileRef = BE8D9E631777B9920047BFBD /* Mode.m */; };
		BE8D9E671777BA8D0047BFBD /* ModePropertyDefinition.m in Sources */ = {isa = PBXBuildFile; fileRef = BE8D9E661777BA8D0047BFBD /* ModePropertyDefinition.m */; };
		BE8D9E6A1777BDB50047BFBD /* ModeDataController.m in Sources */ = {isa = PBXBuildFile; fileRef = BE8D9E691777BDB50047BFBD /* ModeDataController.m */; };
		BE8D9E6D1777C65B0047BFBD /* ModeSelectionViewController.m in Sources */ = {isa = PBXBuildFile; fileRef = BE8D9E6C1777C65B0047BFBD /* ModeSelectionViewController.m */; };
		BE8D9E701777CE990047BFBD /* ModeDetailViewController.m in Sources */ = {isa = PBXBuildFile; fileRef = BE8D9E6F1777CE990047BFBD /* ModeDetailViewController.m */; };
		BE8D9E721777D94E0047BFBD /* BM13sticker.png in Resources */ = {isa = PBXBuildFile; fileRef = BE8D9E711777D94E0047BFBD /* BM13sticker.png */; };
		BE8D9E751777E3750047BFBD /* HandsTabBarViewController.m in Sources */ = {isa = PBXBuildFile; fileRef = BE8D9E741777E3750047BFBD /* HandsTabBarViewController.m */; };
		BE91767C1786457400C30ACB /* HandsViewController.m in Sources */ = {isa = PBXBuildFile; fileRef = BE91767A1786457400C30ACB /* HandsViewController.m */; };
		BE91768017864B9D00C30ACB /* HandsGrid.m in Sources */ = {isa = PBXBuildFile; fileRef = BE91767F17864B9D00C30ACB /* HandsGrid.m */; };
		BEA28B34177923B000E467EB /* BLEManager.m in Sources */ = {isa = PBXBuildFile; fileRef = BEA28B33177923B000E467EB /* BLEManager.m */; };
		BEA28B37177945EB00E467EB /* LoopViewController.m in Sources */ = {isa = PBXBuildFile; fileRef = BEA28B36177945EB00E467EB /* LoopViewController.m */; };
		BEA295F516DAB2D900066468 /* UIKit.framework in Frameworks */ = {isa = PBXBuildFile; fileRef = BEA295F416DAB2D900066468 /* UIKit.framework */; };
		BEA295F716DAB2D900066468 /* Foundation.framework in Frameworks */ = {isa = PBXBuildFile; fileRef = BEA295F616DAB2D900066468 /* Foundation.framework */; };
		BEA295F916DAB2D900066468 /* CoreGraphics.framework in Frameworks */ = {isa = PBXBuildFile; fileRef = BEA295F816DAB2D900066468 /* CoreGraphics.framework */; };
		BEA295FF16DAB2D900066468 /* InfoPlist.strings in Resources */ = {isa = PBXBuildFile; fileRef = BEA295FD16DAB2D900066468 /* InfoPlist.strings */; };
		BEA2960116DAB2D900066468 /* main.m in Sources */ = {isa = PBXBuildFile; fileRef = BEA2960016DAB2D900066468 /* main.m */; };
		BEA2960516DAB2D900066468 /* AppDelegate.m in Sources */ = {isa = PBXBuildFile; fileRef = BEA2960416DAB2D900066468 /* AppDelegate.m */; };
		BEA2960716DAB2D900066468 /* Default.png in Resources */ = {isa = PBXBuildFile; fileRef = BEA2960616DAB2D900066468 /* Default.png */; };
		BEA2960916DAB2D900066468 /* Default@2x.png in Resources */ = {isa = PBXBuildFile; fileRef = BEA2960816DAB2D900066468 /* Default@2x.png */; };
		BEA2960B16DAB2D900066468 /* Default-568h@2x.png in Resources */ = {isa = PBXBuildFile; fileRef = BEA2960A16DAB2D900066468 /* Default-568h@2x.png */; };
		BEA2960E16DAB2D900066468 /* MainStoryboard_iPhone.storyboard in Resources */ = {isa = PBXBuildFile; fileRef = BEA2960C16DAB2D900066468 /* MainStoryboard_iPhone.storyboard */; };
		BEA2961416DAB2D900066468 /* ConnectionViewController.m in Sources */ = {isa = PBXBuildFile; fileRef = BEA2961316DAB2D900066468 /* ConnectionViewController.m */; };
		BEA2961C16DAB2D900066468 /* SenTestingKit.framework in Frameworks */ = {isa = PBXBuildFile; fileRef = BEA2961B16DAB2D900066468 /* SenTestingKit.framework */; };
		BEA2961D16DAB2D900066468 /* UIKit.framework in Frameworks */ = {isa = PBXBuildFile; fileRef = BEA295F416DAB2D900066468 /* UIKit.framework */; };
		BEA2961E16DAB2D900066468 /* Foundation.framework in Frameworks */ = {isa = PBXBuildFile; fileRef = BEA295F616DAB2D900066468 /* Foundation.framework */; };
		BEA2962616DAB2D900066468 /* InfoPlist.strings in Resources */ = {isa = PBXBuildFile; fileRef = BEA2962416DAB2D900066468 /* InfoPlist.strings */; };
		BEA2962916DAB2D900066468 /* Burning_HandsTests.m in Sources */ = {isa = PBXBuildFile; fileRef = BEA2962816DAB2D900066468 /* Burning_HandsTests.m */; };
		BEDE69B917BF450400AC7054 /* LoopCommand.m in Sources */ = {isa = PBXBuildFile; fileRef = BEDE69B817BF450400AC7054 /* LoopCommand.m */; };
		BEDE69BC17C03D6D00AC7054 /* LaserCommand.m in Sources */ = {isa = PBXBuildFile; fileRef = BEDE69BB17C03D6D00AC7054 /* LaserCommand.m */; };
		BEDE69BF17C048DF00AC7054 /* ColorFadeViewController.m in Sources */ = {isa = PBXBuildFile; fileRef = BEDE69BE17C048DE00AC7054 /* ColorFadeViewController.m */; };
		BEDE69C317C049D100AC7054 /* ColorFadeCommand.m in Sources */ = {isa = PBXBuildFile; fileRef = BEDE69C217C049D100AC7054 /* ColorFadeCommand.m */; };
		BEDE69C617C0509A00AC7054 /* RandomViewController.m in Sources */ = {isa = PBXBuildFile; fileRef = BEDE69C517C0509A00AC7054 /* RandomViewController.m */; };
		BEDE69C917C0520200AC7054 /* RandomCommand.m in Sources */ = {isa = PBXBuildFile; fileRef = BEDE69C817C0520200AC7054 /* RandomCommand.m */; };
		BEDE69CC17C0645700AC7054 /* ShuffleCommand.m in Sources */ = {isa = PBXBuildFile; fileRef = BEDE69CB17C0645700AC7054 /* ShuffleCommand.m */; };
		BEDE69CF17C064A600AC7054 /* ShuffleViewController.m in Sources */ = {isa = PBXBuildFile; fileRef = BEDE69CE17C064A600AC7054 /* ShuffleViewController.m */; };
		BEE47F8E179E073000D9C13F /* ColorSelector.m in Sources */ = {isa = PBXBuildFile; fileRef = BEE47F8D179E073000D9C13F /* ColorSelector.m */; };
		BEE47F92179E11FC00D9C13F /* ColorUtils.m in Sources */ = {isa = PBXBuildFile; fileRef = BEE47F91179E11FC00D9C13F /* ColorUtils.m */; };
		BEEF15ED175BF4E200684921 /* Loader.m in Sources */ = {isa = PBXBuildFile; fileRef = BEEF15EC175BF4E200684921 /* Loader.m */; };
		BEEF1608175C04AB00684921 /* BLE.m in Sources */ = {isa = PBXBuildFile; fileRef = BEEF1606175C04AB00684921 /* BLE.m */; };
		BEEF160A175C04C300684921 /* CoreBluetooth.framework in Frameworks */ = {isa = PBXBuildFile; fileRef = BEEF1609175C04C300684921 /* CoreBluetooth.framework */; };
/* End PBXBuildFile section */

/* Begin PBXContainerItemProxy section */
		BEA2961F16DAB2D900066468 /* PBXContainerItemProxy */ = {
			isa = PBXContainerItemProxy;
			containerPortal = BEA295E716DAB2D900066468 /* Project object */;
			proxyType = 1;
			remoteGlobalIDString = BEA295EF16DAB2D900066468;
			remoteInfo = "Burning Hands";
		};
/* End PBXContainerItemProxy section */

/* Begin PBXFileReference section */
		BE1C346A170129EC005479B1 /* loader.gif */ = {isa = PBXFileReference; lastKnownFileType = image.gif; path = loader.gif; sourceTree = "<group>"; };
		BE1C346D17012C33005479B1 /* frame-1.gif */ = {isa = PBXFileReference; lastKnownFileType = image.gif; path = "frame-1.gif"; sourceTree = "<group>"; };
		BE1C346E17012C33005479B1 /* frame-10.gif */ = {isa = PBXFileReference; lastKnownFileType = image.gif; path = "frame-10.gif"; sourceTree = "<group>"; };
		BE1C346F17012C33005479B1 /* frame-11.gif */ = {isa = PBXFileReference; lastKnownFileType = image.gif; path = "frame-11.gif"; sourceTree = "<group>"; };
		BE1C347017012C33005479B1 /* frame-12.gif */ = {isa = PBXFileReference; lastKnownFileType = image.gif; path = "frame-12.gif"; sourceTree = "<group>"; };
		BE1C347117012C33005479B1 /* frame-13.gif */ = {isa = PBXFileReference; lastKnownFileType = image.gif; path = "frame-13.gif"; sourceTree = "<group>"; };
		BE1C347217012C33005479B1 /* frame-14.gif */ = {isa = PBXFileReference; lastKnownFileType = image.gif; path = "frame-14.gif"; sourceTree = "<group>"; };
		BE1C347317012C33005479B1 /* frame-15.gif */ = {isa = PBXFileReference; lastKnownFileType = image.gif; path = "frame-15.gif"; sourceTree = "<group>"; };
		BE1C347417012C33005479B1 /* frame-16.gif */ = {isa = PBXFileReference; lastKnownFileType = image.gif; path = "frame-16.gif"; sourceTree = "<group>"; };
		BE1C347517012C33005479B1 /* frame-17.gif */ = {isa = PBXFileReference; lastKnownFileType = image.gif; path = "frame-17.gif"; sourceTree = "<group>"; };
		BE1C347617012C33005479B1 /* frame-18.gif */ = {isa = PBXFileReference; lastKnownFileType = image.gif; path = "frame-18.gif"; sourceTree = "<group>"; };
		BE1C347717012C33005479B1 /* frame-19.gif */ = {isa = PBXFileReference; lastKnownFileType = image.gif; path = "frame-19.gif"; sourceTree = "<group>"; };
		BE1C347817012C33005479B1 /* frame-2.gif */ = {isa = PBXFileReference; lastKnownFileType = image.gif; path = "frame-2.gif"; sourceTree = "<group>"; };
		BE1C347917012C33005479B1 /* frame-20.gif */ = {isa = PBXFileReference; lastKnownFileType = image.gif; path = "frame-20.gif"; sourceTree = "<group>"; };
		BE1C347A17012C33005479B1 /* frame-21.gif */ = {isa = PBXFileReference; lastKnownFileType = image.gif; path = "frame-21.gif"; sourceTree = "<group>"; };
		BE1C347B17012C33005479B1 /* frame-22.gif */ = {isa = PBXFileReference; lastKnownFileType = image.gif; path = "frame-22.gif"; sourceTree = "<group>"; };
		BE1C347C17012C33005479B1 /* frame-23.gif */ = {isa = PBXFileReference; lastKnownFileType = image.gif; path = "frame-23.gif"; sourceTree = "<group>"; };
		BE1C347D17012C33005479B1 /* frame-24.gif */ = {isa = PBXFileReference; lastKnownFileType = image.gif; path = "frame-24.gif"; sourceTree = "<group>"; };
		BE1C347E17012C33005479B1 /* frame-25.gif */ = {isa = PBXFileReference; lastKnownFileType = image.gif; path = "frame-25.gif"; sourceTree = "<group>"; };
		BE1C347F17012C33005479B1 /* frame-26.gif */ = {isa = PBXFileReference; lastKnownFileType = image.gif; path = "frame-26.gif"; sourceTree = "<group>"; };
		BE1C348017012C33005479B1 /* frame-27.gif */ = {isa = PBXFileReference; lastKnownFileType = image.gif; path = "frame-27.gif"; sourceTree = "<group>"; };
		BE1C348117012C33005479B1 /* frame-28.gif */ = {isa = PBXFileReference; lastKnownFileType = image.gif; path = "frame-28.gif"; sourceTree = "<group>"; };
		BE1C348217012C33005479B1 /* frame-29.gif */ = {isa = PBXFileReference; lastKnownFileType = image.gif; path = "frame-29.gif"; sourceTree = "<group>"; };
		BE1C348317012C33005479B1 /* frame-3.gif */ = {isa = PBXFileReference; lastKnownFileType = image.gif; path = "frame-3.gif"; sourceTree = "<group>"; };
		BE1C348417012C33005479B1 /* frame-30.gif */ = {isa = PBXFileReference; lastKnownFileType = image.gif; path = "frame-30.gif"; sourceTree = "<group>"; };
		BE1C348517012C33005479B1 /* frame-4.gif */ = {isa = PBXFileReference; lastKnownFileType = image.gif; path = "frame-4.gif"; sourceTree = "<group>"; };
		BE1C348617012C33005479B1 /* frame-5.gif */ = {isa = PBXFileReference; lastKnownFileType = image.gif; path = "frame-5.gif"; sourceTree = "<group>"; };
		BE1C348717012C33005479B1 /* frame-6.gif */ = {isa = PBXFileReference; lastKnownFileType = image.gif; path = "frame-6.gif"; sourceTree = "<group>"; };
		BE1C348817012C33005479B1 /* frame-7.gif */ = {isa = PBXFileReference; lastKnownFileType = image.gif; path = "frame-7.gif"; sourceTree = "<group>"; };
		BE1C348917012C33005479B1 /* frame-8.gif */ = {isa = PBXFileReference; lastKnownFileType = image.gif; path = "frame-8.gif"; sourceTree = "<group>"; };
		BE1C348A17012C33005479B1 /* frame-9.gif */ = {isa = PBXFileReference; lastKnownFileType = image.gif; path = "frame-9.gif"; sourceTree = "<group>"; };
		BE21C93C17B4906900FC6876 /* HandsBLE.h */ = {isa = PBXFileReference; fileEncoding = 4; lastKnownFileType = sourcecode.c.h; path = HandsBLE.h; sourceTree = "<group>"; };
		BE21C93D17B4906900FC6876 /* HandsBLE.m */ = {isa = PBXFileReference; fileEncoding = 4; lastKnownFileType = sourcecode.c.objc; path = HandsBLE.m; sourceTree = "<group>"; };
		BE21C93F17B4942100FC6876 /* Hand.h */ = {isa = PBXFileReference; fileEncoding = 4; lastKnownFileType = sourcecode.c.h; path = Hand.h; sourceTree = "<group>"; };
		BE21C94017B4942100FC6876 /* Hand.m */ = {isa = PBXFileReference; fileEncoding = 4; lastKnownFileType = sourcecode.c.objc; path = Hand.m; sourceTree = "<group>"; };
		BE4D4FEF177F9E1600CA5554 /* LaserViewController.h */ = {isa = PBXFileReference; fileEncoding = 4; lastKnownFileType = sourcecode.c.h; path = LaserViewController.h; sourceTree = "<group>"; };
		BE4D4FF0177F9E1600CA5554 /* LaserViewController.m */ = {isa = PBXFileReference; fileEncoding = 4; lastKnownFileType = sourcecode.c.objc; path = LaserViewController.m; sourceTree = "<group>"; };
		BE521B1A17B7327100D395C2 /* HandsModel.h */ = {isa = PBXFileReference; fileEncoding = 4; lastKnownFileType = sourcecode.c.h; path = HandsModel.h; sourceTree = "<group>"; };
		BE521B1B17B7327100D395C2 /* HandsModel.m */ = {isa = PBXFileReference; fileEncoding = 4; lastKnownFileType = sourcecode.c.objc; path = HandsModel.m; sourceTree = "<group>"; };
		BE590FDA17A20E0C00E16DE4 /* BLECommand.h */ = {isa = PBXFileReference; lastKnownFileType = sourcecode.c.h; path = BLECommand.h; sourceTree = "<group>"; };
		BE590FDB17A20E8800E16DE4 /* ColorUpdateCommand.h */ = {isa = PBXFileReference; fileEncoding = 4; lastKnownFileType = sourcecode.c.h; path = ColorUpdateCommand.h; sourceTree = "<group>"; };
		BE590FDC17A20E8800E16DE4 /* ColorUpdateCommand.m */ = {isa = PBXFileReference; fileEncoding = 4; lastKnownFileType = sourcecode.c.objc; path = ColorUpdateCommand.m; sourceTree = "<group>"; };
		BE6C3D9A1787A234007E9B8F /* HandsCell.h */ = {isa = PBXFileReference; fileEncoding = 4; lastKnownFileType = sourcecode.c.h; path = HandsCell.h; sourceTree = "<group>"; };
		BE6C3D9B1787A234007E9B8F /* HandsCell.m */ = {isa = PBXFileReference; fileEncoding = 4; lastKnownFileType = sourcecode.c.objc; path = HandsCell.m; sourceTree = "<group>"; };
		BE7690BC17733D7000B27D77 /* HandsIcon.png */ = {isa = PBXFileReference; lastKnownFileType = image.png; path = HandsIcon.png; sourceTree = "<group>"; };
		BE7690BE17733DA800B27D77 /* HandsIcon_iPhone.png */ = {isa = PBXFileReference; lastKnownFileType = image.png; path = HandsIcon_iPhone.png; sourceTree = "<group>"; };
		BE7FFA4717BB30AA00F4131F /* Coordinate.h */ = {isa = PBXFileReference; fileEncoding = 4; lastKnownFileType = sourcecode.c.h; path = Coordinate.h; sourceTree = "<group>"; };
		BE7FFA4817BB30AA00F4131F /* Coordinate.m */ = {isa = PBXFileReference; fileEncoding = 4; lastKnownFileType = sourcecode.c.objc; path = Coordinate.m; sourceTree = "<group>"; };
		BE884CCD17A5CAE7003D10F2 /* GridMapper.h */ = {isa = PBXFileReference; fileEncoding = 4; lastKnownFileType = sourcecode.c.h; path = GridMapper.h; sourceTree = "<group>"; };
		BE884CCE17A5CAE7003D10F2 /* GridMapper.m */ = {isa = PBXFileReference; fileEncoding = 4; lastKnownFileType = sourcecode.c.objc; path = GridMapper.m; sourceTree = "<group>"; };
		BE8D9E601777A3840047BFBD /* connect.png */ = {isa = PBXFileReference; lastKnownFileType = image.png; path = connect.png; sourceTree = "<group>"; };
		BE8D9E621777B9920047BFBD /* Mode.h */ = {isa = PBXFileReference; fileEncoding = 4; lastKnownFileType = sourcecode.c.h; path = Mode.h; sourceTree = "<group>"; };
		BE8D9E631777B9920047BFBD /* Mode.m */ = {isa = PBXFileReference; fileEncoding = 4; lastKnownFileType = sourcecode.c.objc; path = Mode.m; sourceTree = "<group>"; };
		BE8D9E651777BA8D0047BFBD /* ModePropertyDefinition.h */ = {isa = PBXFileReference; fileEncoding = 4; lastKnownFileType = sourcecode.c.h; path = ModePropertyDefinition.h; sourceTree = "<group>"; };
		BE8D9E661777BA8D0047BFBD /* ModePropertyDefinition.m */ = {isa = PBXFileReference; fileEncoding = 4; lastKnownFileType = sourcecode.c.objc; path = ModePropertyDefinition.m; sourceTree = "<group>"; };
		BE8D9E681777BDB50047BFBD /* ModeDataController.h */ = {isa = PBXFileReference; fileEncoding = 4; lastKnownFileType = sourcecode.c.h; path = ModeDataController.h; sourceTree = "<group>"; };
		BE8D9E691777BDB50047BFBD /* ModeDataController.m */ = {isa = PBXFileReference; fileEncoding = 4; lastKnownFileType = sourcecode.c.objc; path = ModeDataController.m; sourceTree = "<group>"; };
		BE8D9E6B1777C65B0047BFBD /* ModeSelectionViewController.h */ = {isa = PBXFileReference; fileEncoding = 4; lastKnownFileType = sourcecode.c.h; path = ModeSelectionViewController.h; sourceTree = "<group>"; };
		BE8D9E6C1777C65B0047BFBD /* ModeSelectionViewController.m */ = {isa = PBXFileReference; fileEncoding = 4; lastKnownFileType = sourcecode.c.objc; path = ModeSelectionViewController.m; sourceTree = "<group>"; };
		BE8D9E6E1777CE980047BFBD /* ModeDetailViewController.h */ = {isa = PBXFileReference; fileEncoding = 4; lastKnownFileType = sourcecode.c.h; path = ModeDetailViewController.h; sourceTree = "<group>"; };
		BE8D9E6F1777CE990047BFBD /* ModeDetailViewController.m */ = {isa = PBXFileReference; fileEncoding = 4; lastKnownFileType = sourcecode.c.objc; path = ModeDetailViewController.m; sourceTree = "<group>"; };
		BE8D9E711777D94E0047BFBD /* BM13sticker.png */ = {isa = PBXFileReference; lastKnownFileType = image.png; path = BM13sticker.png; sourceTree = "<group>"; };
		BE8D9E731777E3750047BFBD /* HandsTabBarViewController.h */ = {isa = PBXFileReference; fileEncoding = 4; lastKnownFileType = sourcecode.c.h; path = HandsTabBarViewController.h; sourceTree = "<group>"; };
		BE8D9E741777E3750047BFBD /* HandsTabBarViewController.m */ = {isa = PBXFileReference; fileEncoding = 4; lastKnownFileType = sourcecode.c.objc; path = HandsTabBarViewController.m; sourceTree = "<group>"; };
		BE9176791786457400C30ACB /* HandsViewController.h */ = {isa = PBXFileReference; fileEncoding = 4; lastKnownFileType = sourcecode.c.h; path = HandsViewController.h; sourceTree = "<group>"; };
		BE91767A1786457400C30ACB /* HandsViewController.m */ = {isa = PBXFileReference; fileEncoding = 4; lastKnownFileType = sourcecode.c.objc; path = HandsViewController.m; sourceTree = "<group>"; };
		BE91767E17864B9D00C30ACB /* HandsGrid.h */ = {isa = PBXFileReference; fileEncoding = 4; lastKnownFileType = sourcecode.c.h; path = HandsGrid.h; sourceTree = "<group>"; };
		BE91767F17864B9D00C30ACB /* HandsGrid.m */ = {isa = PBXFileReference; fileEncoding = 4; lastKnownFileType = sourcecode.c.objc; path = HandsGrid.m; sourceTree = "<group>"; };
		BEA28B32177923B000E467EB /* BLEManager.h */ = {isa = PBXFileReference; fileEncoding = 4; lastKnownFileType = sourcecode.c.h; path = BLEManager.h; sourceTree = "<group>"; };
		BEA28B33177923B000E467EB /* BLEManager.m */ = {isa = PBXFileReference; fileEncoding = 4; lastKnownFileType = sourcecode.c.objc; path = BLEManager.m; sourceTree = "<group>"; };
		BEA28B35177945EB00E467EB /* LoopViewController.h */ = {isa = PBXFileReference; fileEncoding = 4; lastKnownFileType = sourcecode.c.h; path = LoopViewController.h; sourceTree = "<group>"; };
		BEA28B36177945EB00E467EB /* LoopViewController.m */ = {isa = PBXFileReference; fileEncoding = 4; lastKnownFileType = sourcecode.c.objc; path = LoopViewController.m; sourceTree = "<group>"; };
		BEA295F016DAB2D900066468 /* Burning Hands.app */ = {isa = PBXFileReference; explicitFileType = wrapper.application; includeInIndex = 0; path = "Burning Hands.app"; sourceTree = BUILT_PRODUCTS_DIR; };
		BEA295F416DAB2D900066468 /* UIKit.framework */ = {isa = PBXFileReference; lastKnownFileType = wrapper.framework; name = UIKit.framework; path = System/Library/Frameworks/UIKit.framework; sourceTree = SDKROOT; };
		BEA295F616DAB2D900066468 /* Foundation.framework */ = {isa = PBXFileReference; lastKnownFileType = wrapper.framework; name = Foundation.framework; path = System/Library/Frameworks/Foundation.framework; sourceTree = SDKROOT; };
		BEA295F816DAB2D900066468 /* CoreGraphics.framework */ = {isa = PBXFileReference; lastKnownFileType = wrapper.framework; name = CoreGraphics.framework; path = System/Library/Frameworks/CoreGraphics.framework; sourceTree = SDKROOT; };
		BEA295FC16DAB2D900066468 /* Burning Hands-Info.plist */ = {isa = PBXFileReference; lastKnownFileType = text.plist.xml; path = "Burning Hands-Info.plist"; sourceTree = "<group>"; };
		BEA295FE16DAB2D900066468 /* en */ = {isa = PBXFileReference; lastKnownFileType = text.plist.strings; name = en; path = en.lproj/InfoPlist.strings; sourceTree = "<group>"; };
		BEA2960016DAB2D900066468 /* main.m */ = {isa = PBXFileReference; lastKnownFileType = sourcecode.c.objc; path = main.m; sourceTree = "<group>"; };
		BEA2960216DAB2D900066468 /* Burning Hands-Prefix.pch */ = {isa = PBXFileReference; lastKnownFileType = sourcecode.c.h; path = "Burning Hands-Prefix.pch"; sourceTree = "<group>"; };
		BEA2960316DAB2D900066468 /* AppDelegate.h */ = {isa = PBXFileReference; lastKnownFileType = sourcecode.c.h; path = AppDelegate.h; sourceTree = "<group>"; };
		BEA2960416DAB2D900066468 /* AppDelegate.m */ = {isa = PBXFileReference; lastKnownFileType = sourcecode.c.objc; path = AppDelegate.m; sourceTree = "<group>"; };
		BEA2960616DAB2D900066468 /* Default.png */ = {isa = PBXFileReference; lastKnownFileType = image.png; path = Default.png; sourceTree = "<group>"; };
		BEA2960816DAB2D900066468 /* Default@2x.png */ = {isa = PBXFileReference; lastKnownFileType = image.png; path = "Default@2x.png"; sourceTree = "<group>"; };
		BEA2960A16DAB2D900066468 /* Default-568h@2x.png */ = {isa = PBXFileReference; lastKnownFileType = image.png; path = "Default-568h@2x.png"; sourceTree = "<group>"; };
		BEA2960D16DAB2D900066468 /* en */ = {isa = PBXFileReference; lastKnownFileType = file.storyboard; name = en; path = en.lproj/MainStoryboard_iPhone.storyboard; sourceTree = "<group>"; };
		BEA2961216DAB2D900066468 /* ConnectionViewController.h */ = {isa = PBXFileReference; lastKnownFileType = sourcecode.c.h; path = ConnectionViewController.h; sourceTree = "<group>"; };
		BEA2961316DAB2D900066468 /* ConnectionViewController.m */ = {isa = PBXFileReference; lastKnownFileType = sourcecode.c.objc; path = ConnectionViewController.m; sourceTree = "<group>"; };
		BEA2961A16DAB2D900066468 /* Burning HandsTests.octest */ = {isa = PBXFileReference; explicitFileType = wrapper.cfbundle; includeInIndex = 0; path = "Burning HandsTests.octest"; sourceTree = BUILT_PRODUCTS_DIR; };
		BEA2961B16DAB2D900066468 /* SenTestingKit.framework */ = {isa = PBXFileReference; lastKnownFileType = wrapper.framework; name = SenTestingKit.framework; path = Library/Frameworks/SenTestingKit.framework; sourceTree = DEVELOPER_DIR; };
		BEA2962316DAB2D900066468 /* Burning HandsTests-Info.plist */ = {isa = PBXFileReference; lastKnownFileType = text.plist.xml; path = "Burning HandsTests-Info.plist"; sourceTree = "<group>"; };
		BEA2962516DAB2D900066468 /* en */ = {isa = PBXFileReference; lastKnownFileType = text.plist.strings; name = en; path = en.lproj/InfoPlist.strings; sourceTree = "<group>"; };
		BEA2962716DAB2D900066468 /* Burning_HandsTests.h */ = {isa = PBXFileReference; lastKnownFileType = sourcecode.c.h; path = Burning_HandsTests.h; sourceTree = "<group>"; };
		BEA2962816DAB2D900066468 /* Burning_HandsTests.m */ = {isa = PBXFileReference; lastKnownFileType = sourcecode.c.objc; path = Burning_HandsTests.m; sourceTree = "<group>"; };
		BEDE69B717BF450400AC7054 /* LoopCommand.h */ = {isa = PBXFileReference; fileEncoding = 4; lastKnownFileType = sourcecode.c.h; path = LoopCommand.h; sourceTree = "<group>"; };
		BEDE69B817BF450400AC7054 /* LoopCommand.m */ = {isa = PBXFileReference; fileEncoding = 4; lastKnownFileType = sourcecode.c.objc; path = LoopCommand.m; sourceTree = "<group>"; };
		BEDE69BA17C03D6D00AC7054 /* LaserCommand.h */ = {isa = PBXFileReference; fileEncoding = 4; lastKnownFileType = sourcecode.c.h; path = LaserCommand.h; sourceTree = "<group>"; };
		BEDE69BB17C03D6D00AC7054 /* LaserCommand.m */ = {isa = PBXFileReference; fileEncoding = 4; lastKnownFileType = sourcecode.c.objc; path = LaserCommand.m; sourceTree = "<group>"; };
		BEDE69BD17C048DE00AC7054 /* ColorFadeViewController.h */ = {isa = PBXFileReference; fileEncoding = 4; lastKnownFileType = sourcecode.c.h; path = ColorFadeViewController.h; sourceTree = "<group>"; };
		BEDE69BE17C048DE00AC7054 /* ColorFadeViewController.m */ = {isa = PBXFileReference; fileEncoding = 4; lastKnownFileType = sourcecode.c.objc; path = ColorFadeViewController.m; sourceTree = "<group>"; };
		BEDE69C117C049D100AC7054 /* ColorFadeCommand.h */ = {isa = PBXFileReference; fileEncoding = 4; lastKnownFileType = sourcecode.c.h; path = ColorFadeCommand.h; sourceTree = "<group>"; };
		BEDE69C217C049D100AC7054 /* ColorFadeCommand.m */ = {isa = PBXFileReference; fileEncoding = 4; lastKnownFileType = sourcecode.c.objc; path = ColorFadeCommand.m; sourceTree = "<group>"; };
		BEDE69C417C0509A00AC7054 /* RandomViewController.h */ = {isa = PBXFileReference; fileEncoding = 4; lastKnownFileType = sourcecode.c.h; path = RandomViewController.h; sourceTree = "<group>"; };
		BEDE69C517C0509A00AC7054 /* RandomViewController.m */ = {isa = PBXFileReference; fileEncoding = 4; lastKnownFileType = sourcecode.c.objc; path = RandomViewController.m; sourceTree = "<group>"; };
		BEDE69C717C0520200AC7054 /* RandomCommand.h */ = {isa = PBXFileReference; fileEncoding = 4; lastKnownFileType = sourcecode.c.h; path = RandomCommand.h; sourceTree = "<group>"; };
		BEDE69C817C0520200AC7054 /* RandomCommand.m */ = {isa = PBXFileReference; fileEncoding = 4; lastKnownFileType = sourcecode.c.objc; path = RandomCommand.m; sourceTree = "<group>"; };
		BEDE69CA17C0645700AC7054 /* ShuffleCommand.h */ = {isa = PBXFileReference; fileEncoding = 4; lastKnownFileType = sourcecode.c.h; path = ShuffleCommand.h; sourceTree = "<group>"; };
		BEDE69CB17C0645700AC7054 /* ShuffleCommand.m */ = {isa = PBXFileReference; fileEncoding = 4; lastKnownFileType = sourcecode.c.objc; path = ShuffleCommand.m; sourceTree = "<group>"; };
		BEDE69CD17C064A600AC7054 /* ShuffleViewController.h */ = {isa = PBXFileReference; fileEncoding = 4; lastKnownFileType = sourcecode.c.h; path = ShuffleViewController.h; sourceTree = "<group>"; };
		BEDE69CE17C064A600AC7054 /* ShuffleViewController.m */ = {isa = PBXFileReference; fileEncoding = 4; lastKnownFileType = sourcecode.c.objc; path = ShuffleViewController.m; sourceTree = "<group>"; };
		BEE47F8C179E073000D9C13F /* ColorSelector.h */ = {isa = PBXFileReference; fileEncoding = 4; lastKnownFileType = sourcecode.c.h; path = ColorSelector.h; sourceTree = "<group>"; };
		BEE47F8D179E073000D9C13F /* ColorSelector.m */ = {isa = PBXFileReference; fileEncoding = 4; lastKnownFileType = sourcecode.c.objc; path = ColorSelector.m; sourceTree = "<group>"; };
		BEE47F8F179E08D800D9C13F /* Constants.h */ = {isa = PBXFileReference; lastKnownFileType = sourcecode.c.h; path = Constants.h; sourceTree = "<group>"; };
		BEE47F90179E11FC00D9C13F /* ColorUtils.h */ = {isa = PBXFileReference; fileEncoding = 4; lastKnownFileType = sourcecode.c.h; path = ColorUtils.h; sourceTree = "<group>"; };
		BEE47F91179E11FC00D9C13F /* ColorUtils.m */ = {isa = PBXFileReference; fileEncoding = 4; lastKnownFileType = sourcecode.c.objc; path = ColorUtils.m; sourceTree = "<group>"; };
		BEEF15EB175BF4E200684921 /* Loader.h */ = {isa = PBXFileReference; fileEncoding = 4; lastKnownFileType = sourcecode.c.h; path = Loader.h; sourceTree = "<group>"; };
		BEEF15EC175BF4E200684921 /* Loader.m */ = {isa = PBXFileReference; fileEncoding = 4; lastKnownFileType = sourcecode.c.objc; path = Loader.m; sourceTree = "<group>"; };
		BEEF1605175C04AB00684921 /* BLE.h */ = {isa = PBXFileReference; fileEncoding = 4; lastKnownFileType = sourcecode.c.h; name = BLE.h; path = ../BLEFramework/BLE/BLE.h; sourceTree = "<group>"; };
		BEEF1606175C04AB00684921 /* BLE.m */ = {isa = PBXFileReference; fileEncoding = 4; lastKnownFileType = sourcecode.c.objc; name = BLE.m; path = ../BLEFramework/BLE/BLE.m; sourceTree = "<group>"; };
		BEEF1607175C04AB00684921 /* BLEDefines.h */ = {isa = PBXFileReference; fileEncoding = 4; lastKnownFileType = sourcecode.c.h; name = BLEDefines.h; path = ../BLEFramework/BLE/BLEDefines.h; sourceTree = "<group>"; };
		BEEF1609175C04C300684921 /* CoreBluetooth.framework */ = {isa = PBXFileReference; lastKnownFileType = wrapper.framework; name = CoreBluetooth.framework; path = System/Library/Frameworks/CoreBluetooth.framework; sourceTree = SDKROOT; };
/* End PBXFileReference section */

/* Begin PBXFrameworksBuildPhase section */
		BEA295ED16DAB2D900066468 /* Frameworks */ = {
			isa = PBXFrameworksBuildPhase;
			buildActionMask = 2147483647;
			files = (
				BEEF160A175C04C300684921 /* CoreBluetooth.framework in Frameworks */,
				BEA295F516DAB2D900066468 /* UIKit.framework in Frameworks */,
				BEA295F716DAB2D900066468 /* Foundation.framework in Frameworks */,
				BEA295F916DAB2D900066468 /* CoreGraphics.framework in Frameworks */,
			);
			runOnlyForDeploymentPostprocessing = 0;
		};
		BEA2961616DAB2D900066468 /* Frameworks */ = {
			isa = PBXFrameworksBuildPhase;
			buildActionMask = 2147483647;
			files = (
				BEA2961C16DAB2D900066468 /* SenTestingKit.framework in Frameworks */,
				BEA2961D16DAB2D900066468 /* UIKit.framework in Frameworks */,
				BEA2961E16DAB2D900066468 /* Foundation.framework in Frameworks */,
			);
			runOnlyForDeploymentPostprocessing = 0;
		};
/* End PBXFrameworksBuildPhase section */

/* Begin PBXGroup section */
		BE1C346C17012C33005479B1 /* bloggif_decode_gif */ = {
			isa = PBXGroup;
			children = (
				BE1C346D17012C33005479B1 /* frame-1.gif */,
				BE1C346E17012C33005479B1 /* frame-10.gif */,
				BE1C346F17012C33005479B1 /* frame-11.gif */,
				BE1C347017012C33005479B1 /* frame-12.gif */,
				BE1C347117012C33005479B1 /* frame-13.gif */,
				BE1C347217012C33005479B1 /* frame-14.gif */,
				BE1C347317012C33005479B1 /* frame-15.gif */,
				BE1C347417012C33005479B1 /* frame-16.gif */,
				BE1C347517012C33005479B1 /* frame-17.gif */,
				BE1C347617012C33005479B1 /* frame-18.gif */,
				BE1C347717012C33005479B1 /* frame-19.gif */,
				BE1C347817012C33005479B1 /* frame-2.gif */,
				BE1C347917012C33005479B1 /* frame-20.gif */,
				BE1C347A17012C33005479B1 /* frame-21.gif */,
				BE1C347B17012C33005479B1 /* frame-22.gif */,
				BE1C347C17012C33005479B1 /* frame-23.gif */,
				BE1C347D17012C33005479B1 /* frame-24.gif */,
				BE1C347E17012C33005479B1 /* frame-25.gif */,
				BE1C347F17012C33005479B1 /* frame-26.gif */,
				BE1C348017012C33005479B1 /* frame-27.gif */,
				BE1C348117012C33005479B1 /* frame-28.gif */,
				BE1C348217012C33005479B1 /* frame-29.gif */,
				BE1C348317012C33005479B1 /* frame-3.gif */,
				BE1C348417012C33005479B1 /* frame-30.gif */,
				BE1C348517012C33005479B1 /* frame-4.gif */,
				BE1C348617012C33005479B1 /* frame-5.gif */,
				BE1C348717012C33005479B1 /* frame-6.gif */,
				BE1C348817012C33005479B1 /* frame-7.gif */,
				BE1C348917012C33005479B1 /* frame-8.gif */,
				BE1C348A17012C33005479B1 /* frame-9.gif */,
			);
			path = bloggif_decode_gif;
			sourceTree = "<group>";
		};
		BE6C3D9D17886E0B007E9B8F /* HandsGrid */ = {
			isa = PBXGroup;
			children = (
				BE884CCD17A5CAE7003D10F2 /* GridMapper.h */,
				BE884CCE17A5CAE7003D10F2 /* GridMapper.m */,
				BE9176791786457400C30ACB /* HandsViewController.h */,
				BE91767A1786457400C30ACB /* HandsViewController.m */,
				BE91767E17864B9D00C30ACB /* HandsGrid.h */,
				BE91767F17864B9D00C30ACB /* HandsGrid.m */,
				BE6C3D9A1787A234007E9B8F /* HandsCell.h */,
				BE6C3D9B1787A234007E9B8F /* HandsCell.m */,
				BEE47F8C179E073000D9C13F /* ColorSelector.h */,
				BEE47F8D179E073000D9C13F /* ColorSelector.m */,
			);
			name = HandsGrid;
			sourceTree = "<group>";
		};
		BE75F77817A6D777007830EA /* BLE */ = {
			isa = PBXGroup;
			children = (
				BEA28B32177923B000E467EB /* BLEManager.h */,
				BEA28B33177923B000E467EB /* BLEManager.m */,
				BE21C93C17B4906900FC6876 /* HandsBLE.h */,
				BE21C93D17B4906900FC6876 /* HandsBLE.m */,
				BE21C93F17B4942100FC6876 /* Hand.h */,
				BE21C94017B4942100FC6876 /* Hand.m */,
				BE521B1A17B7327100D395C2 /* HandsModel.h */,
				BE521B1B17B7327100D395C2 /* HandsModel.m */,
			);
			name = BLE;
			sourceTree = "<group>";
		};
		BE75F77917A6D7F3007830EA /* Utils */ = {
			isa = PBXGroup;
			children = (
				BEE47F90179E11FC00D9C13F /* ColorUtils.h */,
				BEE47F91179E11FC00D9C13F /* ColorUtils.m */,
			);
			name = Utils;
			sourceTree = "<group>";
		};
		BEA295E516DAB2D900066468 = {
			isa = PBXGroup;
			children = (
				BE7690BE17733DA800B27D77 /* HandsIcon_iPhone.png */,
				BE7690BC17733D7000B27D77 /* HandsIcon.png */,
				BEA295FA16DAB2D900066468 /* Burning Hands */,
				BEA2962116DAB2D900066468 /* Burning HandsTests */,
				BEA295F316DAB2D900066468 /* Frameworks */,
				BEA295F116DAB2D900066468 /* Products */,
			);
			sourceTree = "<group>";
		};
		BEA295F116DAB2D900066468 /* Products */ = {
			isa = PBXGroup;
			children = (
				BEA295F016DAB2D900066468 /* Burning Hands.app */,
				BEA2961A16DAB2D900066468 /* Burning HandsTests.octest */,
			);
			name = Products;
			sourceTree = "<group>";
		};
		BEA295F316DAB2D900066468 /* Frameworks */ = {
			isa = PBXGroup;
			children = (
				BEEF1609175C04C300684921 /* CoreBluetooth.framework */,
				BEEF1604175C049900684921 /* BLE.framework */,
				BEA295F416DAB2D900066468 /* UIKit.framework */,
				BEA295F616DAB2D900066468 /* Foundation.framework */,
				BEA295F816DAB2D900066468 /* CoreGraphics.framework */,
				BEA2961B16DAB2D900066468 /* SenTestingKit.framework */,
			);
			name = Frameworks;
			sourceTree = "<group>";
		};
		BEA295FA16DAB2D900066468 /* Burning Hands */ = {
			isa = PBXGroup;
			children = (
				BEDE69C017C049B400AC7054 /* Commands */,
				BEE47F8F179E08D800D9C13F /* Constants.h */,
				BE75F77817A6D777007830EA /* BLE */,
				BE6C3D9D17886E0B007E9B8F /* HandsGrid */,
				BE75F77917A6D7F3007830EA /* Utils */,
				BEA295FB16DAB2D900066468 /* Supporting Files */,
				BEA2960316DAB2D900066468 /* AppDelegate.h */,
				BEA2960416DAB2D900066468 /* AppDelegate.m */,
				BEA2960C16DAB2D900066468 /* MainStoryboard_iPhone.storyboard */,
				BEA2961216DAB2D900066468 /* ConnectionViewController.h */,
				BEA2961316DAB2D900066468 /* ConnectionViewController.m */,
				BE8D9E621777B9920047BFBD /* Mode.h */,
				BE8D9E631777B9920047BFBD /* Mode.m */,
				BE8D9E651777BA8D0047BFBD /* ModePropertyDefinition.h */,
				BE8D9E661777BA8D0047BFBD /* ModePropertyDefinition.m */,
				BE8D9E681777BDB50047BFBD /* ModeDataController.h */,
				BE8D9E691777BDB50047BFBD /* ModeDataController.m */,
				BE8D9E6B1777C65B0047BFBD /* ModeSelectionViewController.h */,
				BE8D9E6C1777C65B0047BFBD /* ModeSelectionViewController.m */,
				BE8D9E6E1777CE980047BFBD /* ModeDetailViewController.h */,
				BE8D9E6F1777CE990047BFBD /* ModeDetailViewController.m */,
				BE8D9E731777E3750047BFBD /* HandsTabBarViewController.h */,
				BE8D9E741777E3750047BFBD /* HandsTabBarViewController.m */,
				BEA28B35177945EB00E467EB /* LoopViewController.h */,
				BEA28B36177945EB00E467EB /* LoopViewController.m */,
				BE4D4FEF177F9E1600CA5554 /* LaserViewController.h */,
				BE4D4FF0177F9E1600CA5554 /* LaserViewController.m */,
				BE7FFA4717BB30AA00F4131F /* Coordinate.h */,
				BE7FFA4817BB30AA00F4131F /* Coordinate.m */,
				BEDE69BD17C048DE00AC7054 /* ColorFadeViewController.h */,
				BEDE69BE17C048DE00AC7054 /* ColorFadeViewController.m */,
				BEDE69C417C0509A00AC7054 /* RandomViewController.h */,
				BEDE69C517C0509A00AC7054 /* RandomViewController.m */,
				BEDE69CD17C064A600AC7054 /* ShuffleViewController.h */,
				BEDE69CE17C064A600AC7054 /* ShuffleViewController.m */,
			);
			path = "Burning Hands";
			sourceTree = "<group>";
		};
		BEA295FB16DAB2D900066468 /* Supporting Files */ = {
			isa = PBXGroup;
			children = (
				BEEF15EB175BF4E200684921 /* Loader.h */,
				BEEF15EC175BF4E200684921 /* Loader.m */,
				BE8D9E711777D94E0047BFBD /* BM13sticker.png */,
				BE8D9E601777A3840047BFBD /* connect.png */,
				BE1C346C17012C33005479B1 /* bloggif_decode_gif */,
				BEA295FC16DAB2D900066468 /* Burning Hands-Info.plist */,
				BE1C346A170129EC005479B1 /* loader.gif */,
				BEA295FD16DAB2D900066468 /* InfoPlist.strings */,
				BEA2960016DAB2D900066468 /* main.m */,
				BEA2960216DAB2D900066468 /* Burning Hands-Prefix.pch */,
				BEA2960616DAB2D900066468 /* Default.png */,
				BEA2960816DAB2D900066468 /* Default@2x.png */,
				BEA2960A16DAB2D900066468 /* Default-568h@2x.png */,
			);
			name = "Supporting Files";
			sourceTree = "<group>";
		};
		BEA2962116DAB2D900066468 /* Burning HandsTests */ = {
			isa = PBXGroup;
			children = (
				BEA2962716DAB2D900066468 /* Burning_HandsTests.h */,
				BEA2962816DAB2D900066468 /* Burning_HandsTests.m */,
				BEA2962216DAB2D900066468 /* Supporting Files */,
			);
			path = "Burning HandsTests";
			sourceTree = "<group>";
		};
		BEA2962216DAB2D900066468 /* Supporting Files */ = {
			isa = PBXGroup;
			children = (
				BEA2962316DAB2D900066468 /* Burning HandsTests-Info.plist */,
				BEA2962416DAB2D900066468 /* InfoPlist.strings */,
			);
			name = "Supporting Files";
			sourceTree = "<group>";
		};
		BEDE69C017C049B400AC7054 /* Commands */ = {
			isa = PBXGroup;
			children = (
				BE590FDA17A20E0C00E16DE4 /* BLECommand.h */,
				BE590FDB17A20E8800E16DE4 /* ColorUpdateCommand.h */,
				BE590FDC17A20E8800E16DE4 /* ColorUpdateCommand.m */,
				BEDE69B717BF450400AC7054 /* LoopCommand.h */,
				BEDE69B817BF450400AC7054 /* LoopCommand.m */,
				BEDE69BA17C03D6D00AC7054 /* LaserCommand.h */,
				BEDE69BB17C03D6D00AC7054 /* LaserCommand.m */,
				BEDE69C117C049D100AC7054 /* ColorFadeCommand.h */,
				BEDE69C217C049D100AC7054 /* ColorFadeCommand.m */,
				BEDE69C717C0520200AC7054 /* RandomCommand.h */,
				BEDE69C817C0520200AC7054 /* RandomCommand.m */,
				BEDE69CA17C0645700AC7054 /* ShuffleCommand.h */,
				BEDE69CB17C0645700AC7054 /* ShuffleCommand.m */,
			);
			name = Commands;
			sourceTree = "<group>";
		};
		BEEF1604175C049900684921 /* BLE.framework */ = {
			isa = PBXGroup;
			children = (
				BEEF1605175C04AB00684921 /* BLE.h */,
				BEEF1606175C04AB00684921 /* BLE.m */,
				BEEF1607175C04AB00684921 /* BLEDefines.h */,
			);
			name = BLE.framework;
			sourceTree = "<group>";
		};
/* End PBXGroup section */

/* Begin PBXNativeTarget section */
		BEA295EF16DAB2D900066468 /* Burning Hands */ = {
			isa = PBXNativeTarget;
			buildConfigurationList = BEA2962C16DAB2D900066468 /* Build configuration list for PBXNativeTarget "Burning Hands" */;
			buildPhases = (
				BEA295EC16DAB2D900066468 /* Sources */,
				BEA295ED16DAB2D900066468 /* Frameworks */,
				BEA295EE16DAB2D900066468 /* Resources */,
			);
			buildRules = (
			);
			dependencies = (
			);
			name = "Burning Hands";
			productName = "Burning Hands";
			productReference = BEA295F016DAB2D900066468 /* Burning Hands.app */;
			productType = "com.apple.product-type.application";
		};
		BEA2961916DAB2D900066468 /* Burning HandsTests */ = {
			isa = PBXNativeTarget;
			buildConfigurationList = BEA2962F16DAB2D900066468 /* Build configuration list for PBXNativeTarget "Burning HandsTests" */;
			buildPhases = (
				BEA2961516DAB2D900066468 /* Sources */,
				BEA2961616DAB2D900066468 /* Frameworks */,
				BEA2961716DAB2D900066468 /* Resources */,
				BEA2961816DAB2D900066468 /* ShellScript */,
			);
			buildRules = (
			);
			dependencies = (
				BEA2962016DAB2D900066468 /* PBXTargetDependency */,
			);
			name = "Burning HandsTests";
			productName = "Burning HandsTests";
			productReference = BEA2961A16DAB2D900066468 /* Burning HandsTests.octest */;
			productType = "com.apple.product-type.bundle";
		};
/* End PBXNativeTarget section */

/* Begin PBXProject section */
		BEA295E716DAB2D900066468 /* Project object */ = {
			isa = PBXProject;
			attributes = {
				LastUpgradeCheck = 0450;
				ORGANIZATIONNAME = "Daniel Valencia Co.";
			};
			buildConfigurationList = BEA295EA16DAB2D900066468 /* Build configuration list for PBXProject "Burning Hands" */;
			compatibilityVersion = "Xcode 3.2";
			developmentRegion = English;
			hasScannedForEncodings = 0;
			knownRegions = (
				en,
			);
			mainGroup = BEA295E516DAB2D900066468;
			productRefGroup = BEA295F116DAB2D900066468 /* Products */;
			projectDirPath = "";
			projectRoot = "";
			targets = (
				BEA295EF16DAB2D900066468 /* Burning Hands */,
				BEA2961916DAB2D900066468 /* Burning HandsTests */,
			);
		};
/* End PBXProject section */

/* Begin PBXResourcesBuildPhase section */
		BEA295EE16DAB2D900066468 /* Resources */ = {
			isa = PBXResourcesBuildPhase;
			buildActionMask = 2147483647;
			files = (
				BEA295FF16DAB2D900066468 /* InfoPlist.strings in Resources */,
				BEA2960716DAB2D900066468 /* Default.png in Resources */,
				BEA2960916DAB2D900066468 /* Default@2x.png in Resources */,
				BEA2960B16DAB2D900066468 /* Default-568h@2x.png in Resources */,
				BEA2960E16DAB2D900066468 /* MainStoryboard_iPhone.storyboard in Resources */,
				BE1C346B170129EC005479B1 /* loader.gif in Resources */,
				BE1C348B17012C33005479B1 /* frame-1.gif in Resources */,
				BE1C348C17012C33005479B1 /* frame-10.gif in Resources */,
				BE1C348D17012C33005479B1 /* frame-11.gif in Resources */,
				BE1C348E17012C33005479B1 /* frame-12.gif in Resources */,
				BE1C348F17012C33005479B1 /* frame-13.gif in Resources */,
				BE1C349017012C33005479B1 /* frame-14.gif in Resources */,
				BE1C349117012C33005479B1 /* frame-15.gif in Resources */,
				BE1C349217012C33005479B1 /* frame-16.gif in Resources */,
				BE1C349317012C33005479B1 /* frame-17.gif in Resources */,
				BE1C349417012C33005479B1 /* frame-18.gif in Resources */,
				BE1C349517012C33005479B1 /* frame-19.gif in Resources */,
				BE1C349617012C33005479B1 /* frame-2.gif in Resources */,
				BE1C349717012C33005479B1 /* frame-20.gif in Resources */,
				BE1C349817012C33005479B1 /* frame-21.gif in Resources */,
				BE1C349917012C33005479B1 /* frame-22.gif in Resources */,
				BE1C349A17012C33005479B1 /* frame-23.gif in Resources */,
				BE1C349B17012C33005479B1 /* frame-24.gif in Resources */,
				BE1C349C17012C33005479B1 /* frame-25.gif in Resources */,
				BE1C349D17012C33005479B1 /* frame-26.gif in Resources */,
				BE1C349E17012C33005479B1 /* frame-27.gif in Resources */,
				BE1C349F17012C33005479B1 /* frame-28.gif in Resources */,
				BE1C34A017012C33005479B1 /* frame-29.gif in Resources */,
				BE1C34A117012C33005479B1 /* frame-3.gif in Resources */,
				BE1C34A217012C33005479B1 /* frame-30.gif in Resources */,
				BE1C34A317012C33005479B1 /* frame-4.gif in Resources */,
				BE1C34A417012C33005479B1 /* frame-5.gif in Resources */,
				BE1C34A517012C33005479B1 /* frame-6.gif in Resources */,
				BE1C34A617012C33005479B1 /* frame-7.gif in Resources */,
				BE1C34A717012C33005479B1 /* frame-8.gif in Resources */,
				BE1C34A817012C33005479B1 /* frame-9.gif in Resources */,
				BE7690BD17733D7000B27D77 /* HandsIcon.png in Resources */,
				BE7690BF17733DA800B27D77 /* HandsIcon_iPhone.png in Resources */,
				BE8D9E611777A3840047BFBD /* connect.png in Resources */,
				BE8D9E721777D94E0047BFBD /* BM13sticker.png in Resources */,
			);
			runOnlyForDeploymentPostprocessing = 0;
		};
		BEA2961716DAB2D900066468 /* Resources */ = {
			isa = PBXResourcesBuildPhase;
			buildActionMask = 2147483647;
			files = (
				BEA2962616DAB2D900066468 /* InfoPlist.strings in Resources */,
			);
			runOnlyForDeploymentPostprocessing = 0;
		};
/* End PBXResourcesBuildPhase section */

/* Begin PBXShellScriptBuildPhase section */
		BEA2961816DAB2D900066468 /* ShellScript */ = {
			isa = PBXShellScriptBuildPhase;
			buildActionMask = 2147483647;
			files = (
			);
			inputPaths = (
			);
			outputPaths = (
			);
			runOnlyForDeploymentPostprocessing = 0;
			shellPath = /bin/sh;
			shellScript = "# Run the unit tests in this test bundle.\n\"${SYSTEM_DEVELOPER_DIR}/Tools/RunUnitTests\"\n";
		};
/* End PBXShellScriptBuildPhase section */

/* Begin PBXSourcesBuildPhase section */
		BEA295EC16DAB2D900066468 /* Sources */ = {
			isa = PBXSourcesBuildPhase;
			buildActionMask = 2147483647;
			files = (
				BEA2960116DAB2D900066468 /* main.m in Sources */,
				BEA2960516DAB2D900066468 /* AppDelegate.m in Sources */,
				BEA2961416DAB2D900066468 /* ConnectionViewController.m in Sources */,
				BEEF15ED175BF4E200684921 /* Loader.m in Sources */,
				BEEF1608175C04AB00684921 /* BLE.m in Sources */,
				BE8D9E641777B9920047BFBD /* Mode.m in Sources */,
				BE8D9E671777BA8D0047BFBD /* ModePropertyDefinition.m in Sources */,
				BE8D9E6A1777BDB50047BFBD /* ModeDataController.m in Sources */,
				BE8D9E6D1777C65B0047BFBD /* ModeSelectionViewController.m in Sources */,
				BE8D9E701777CE990047BFBD /* ModeDetailViewController.m in Sources */,
				BE8D9E751777E3750047BFBD /* HandsTabBarViewController.m in Sources */,
				BEA28B34177923B000E467EB /* BLEManager.m in Sources */,
				BEA28B37177945EB00E467EB /* LoopViewController.m in Sources */,
				BE4D4FF1177F9E1600CA5554 /* LaserViewController.m in Sources */,
				BE6C3D9C1787A234007E9B8F /* HandsCell.m in Sources */,
				BE91767C1786457400C30ACB /* HandsViewController.m in Sources */,
				BE91768017864B9D00C30ACB /* HandsGrid.m in Sources */,
				BEE47F8E179E073000D9C13F /* ColorSelector.m in Sources */,
				BEE47F92179E11FC00D9C13F /* ColorUtils.m in Sources */,
				BE590FDD17A20E8800E16DE4 /* ColorUpdateCommand.m in Sources */,
				BE884CCF17A5CAE7003D10F2 /* GridMapper.m in Sources */,
				BE21C93E17B4906900FC6876 /* HandsBLE.m in Sources */,
				BE21C94117B4942100FC6876 /* Hand.m in Sources */,
				BE521B1C17B7327100D395C2 /* HandsModel.m in Sources */,
				BE7FFA4917BB30AA00F4131F /* Coordinate.m in Sources */,
				BEDE69B917BF450400AC7054 /* LoopCommand.m in Sources */,
				BEDE69BC17C03D6D00AC7054 /* LaserCommand.m in Sources */,
				BEDE69BF17C048DF00AC7054 /* ColorFadeViewController.m in Sources */,
				BEDE69C317C049D100AC7054 /* ColorFadeCommand.m in Sources */,
				BEDE69C617C0509A00AC7054 /* RandomViewController.m in Sources */,
				BEDE69C917C0520200AC7054 /* RandomCommand.m in Sources */,
				BEDE69CC17C0645700AC7054 /* ShuffleCommand.m in Sources */,
				BEDE69CF17C064A600AC7054 /* ShuffleViewController.m in Sources */,
			);
			runOnlyForDeploymentPostprocessing = 0;
		};
		BEA2961516DAB2D900066468 /* Sources */ = {
			isa = PBXSourcesBuildPhase;
			buildActionMask = 2147483647;
			files = (
				BEA2962916DAB2D900066468 /* Burning_HandsTests.m in Sources */,
			);
			runOnlyForDeploymentPostprocessing = 0;
		};
/* End PBXSourcesBuildPhase section */

/* Begin PBXTargetDependency section */
		BEA2962016DAB2D900066468 /* PBXTargetDependency */ = {
			isa = PBXTargetDependency;
			target = BEA295EF16DAB2D900066468 /* Burning Hands */;
			targetProxy = BEA2961F16DAB2D900066468 /* PBXContainerItemProxy */;
		};
/* End PBXTargetDependency section */

/* Begin PBXVariantGroup section */
		BEA295FD16DAB2D900066468 /* InfoPlist.strings */ = {
			isa = PBXVariantGroup;
			children = (
				BEA295FE16DAB2D900066468 /* en */,
			);
			name = InfoPlist.strings;
			sourceTree = "<group>";
		};
		BEA2960C16DAB2D900066468 /* MainStoryboard_iPhone.storyboard */ = {
			isa = PBXVariantGroup;
			children = (
				BEA2960D16DAB2D900066468 /* en */,
			);
			name = MainStoryboard_iPhone.storyboard;
			sourceTree = "<group>";
		};
		BEA2962416DAB2D900066468 /* InfoPlist.strings */ = {
			isa = PBXVariantGroup;
			children = (
				BEA2962516DAB2D900066468 /* en */,
			);
			name = InfoPlist.strings;
			sourceTree = "<group>";
		};
/* End PBXVariantGroup section */

/* Begin XCBuildConfiguration section */
		BEA2962A16DAB2D900066468 /* Debug */ = {
			isa = XCBuildConfiguration;
			buildSettings = {
				ALWAYS_SEARCH_USER_PATHS = NO;
				CLANG_CXX_LANGUAGE_STANDARD = "gnu++0x";
				CLANG_CXX_LIBRARY = "libc++";
				CLANG_ENABLE_OBJC_ARC = YES;
				CLANG_WARN_EMPTY_BODY = YES;
				CLANG_WARN__DUPLICATE_METHOD_MATCH = YES;
				"CODE_SIGN_IDENTITY[sdk=iphoneos*]" = "iPhone Developer";
				COPY_PHASE_STRIP = NO;
				GCC_C_LANGUAGE_STANDARD = gnu99;
				GCC_DYNAMIC_NO_PIC = NO;
				GCC_OPTIMIZATION_LEVEL = 0;
				GCC_PREPROCESSOR_DEFINITIONS = (
					"DEBUG=1",
					"$(inherited)",
				);
				GCC_SYMBOLS_PRIVATE_EXTERN = NO;
				GCC_WARN_ABOUT_RETURN_TYPE = YES;
				GCC_WARN_UNINITIALIZED_AUTOS = YES;
				GCC_WARN_UNUSED_VARIABLE = YES;
				IPHONEOS_DEPLOYMENT_TARGET = 6.0;
				ONLY_ACTIVE_ARCH = YES;
				SDKROOT = iphoneos;
				TARGETED_DEVICE_FAMILY = "1,2";
			};
			name = Debug;
		};
		BEA2962B16DAB2D900066468 /* Release */ = {
			isa = XCBuildConfiguration;
			buildSettings = {
				ALWAYS_SEARCH_USER_PATHS = NO;
				CLANG_CXX_LANGUAGE_STANDARD = "gnu++0x";
				CLANG_CXX_LIBRARY = "libc++";
				CLANG_ENABLE_OBJC_ARC = YES;
				CLANG_WARN_EMPTY_BODY = YES;
				CLANG_WARN__DUPLICATE_METHOD_MATCH = YES;
				"CODE_SIGN_IDENTITY[sdk=iphoneos*]" = "iPhone Developer";
				COPY_PHASE_STRIP = YES;
				GCC_C_LANGUAGE_STANDARD = gnu99;
				GCC_WARN_ABOUT_RETURN_TYPE = YES;
				GCC_WARN_UNINITIALIZED_AUTOS = YES;
				GCC_WARN_UNUSED_VARIABLE = YES;
				IPHONEOS_DEPLOYMENT_TARGET = 6.0;
				OTHER_CFLAGS = "-DNS_BLOCK_ASSERTIONS=1";
				SDKROOT = iphoneos;
				TARGETED_DEVICE_FAMILY = "1,2";
				VALIDATE_PRODUCT = YES;
			};
			name = Release;
		};
		BEA2962D16DAB2D900066468 /* Debug */ = {
			isa = XCBuildConfiguration;
			buildSettings = {
				GCC_PRECOMPILE_PREFIX_HEADER = YES;
				GCC_PREFIX_HEADER = "Burning Hands/Burning Hands-Prefix.pch";
				INFOPLIST_FILE = "Burning Hands/Burning Hands-Info.plist";
				PRODUCT_NAME = "$(TARGET_NAME)";
				TARGETED_DEVICE_FAMILY = 1;
				WRAPPER_EXTENSION = app;
			};
			name = Debug;
		};
		BEA2962E16DAB2D900066468 /* Release */ = {
			isa = XCBuildConfiguration;
			buildSettings = {
				GCC_PRECOMPILE_PREFIX_HEADER = YES;
				GCC_PREFIX_HEADER = "Burning Hands/Burning Hands-Prefix.pch";
				INFOPLIST_FILE = "Burning Hands/Burning Hands-Info.plist";
				PRODUCT_NAME = "$(TARGET_NAME)";
				TARGETED_DEVICE_FAMILY = 1;
				WRAPPER_EXTENSION = app;
			};
			name = Release;
		};
		BEA2963016DAB2D900066468 /* Debug */ = {
			isa = XCBuildConfiguration;
			buildSettings = {
				BUNDLE_LOADER = "$(BUILT_PRODUCTS_DIR)/Burning Hands.app/Burning Hands";
				FRAMEWORK_SEARCH_PATHS = (
					"\"$(SDKROOT)/Developer/Library/Frameworks\"",
					"\"$(DEVELOPER_LIBRARY_DIR)/Frameworks\"",
				);
				GCC_PRECOMPILE_PREFIX_HEADER = YES;
				GCC_PREFIX_HEADER = "Burning Hands/Burning Hands-Prefix.pch";
				INFOPLIST_FILE = "Burning HandsTests/Burning HandsTests-Info.plist";
				PRODUCT_NAME = "$(TARGET_NAME)";
				TEST_HOST = "$(BUNDLE_LOADER)";
				WRAPPER_EXTENSION = octest;
			};
			name = Debug;
		};
		BEA2963116DAB2D900066468 /* Release */ = {
			isa = XCBuildConfiguration;
			buildSettings = {
				BUNDLE_LOADER = "$(BUILT_PRODUCTS_DIR)/Burning Hands.app/Burning Hands";
				FRAMEWORK_SEARCH_PATHS = (
					"\"$(SDKROOT)/Developer/Library/Frameworks\"",
					"\"$(DEVELOPER_LIBRARY_DIR)/Frameworks\"",
				);
				GCC_PRECOMPILE_PREFIX_HEADER = YES;
				GCC_PREFIX_HEADER = "Burning Hands/Burning Hands-Prefix.pch";
				INFOPLIST_FILE = "Burning HandsTests/Burning HandsTests-Info.plist";
				PRODUCT_NAME = "$(TARGET_NAME)";
				TEST_HOST = "$(BUNDLE_LOADER)";
				WRAPPER_EXTENSION = octest;
			};
			name = Release;
		};
/* End XCBuildConfiguration section */

/* Begin XCConfigurationList section */
		BEA295EA16DAB2D900066468 /* Build configuration list for PBXProject "Burning Hands" */ = {
			isa = XCConfigurationList;
			buildConfigurations = (
				BEA2962A16DAB2D900066468 /* Debug */,
				BEA2962B16DAB2D900066468 /* Release */,
			);
			defaultConfigurationIsVisible = 0;
			defaultConfigurationName = Release;
		};
		BEA2962C16DAB2D900066468 /* Build configuration list for PBXNativeTarget "Burning Hands" */ = {
			isa = XCConfigurationList;
			buildConfigurations = (
				BEA2962D16DAB2D900066468 /* Debug */,
				BEA2962E16DAB2D900066468 /* Release */,
			);
			defaultConfigurationIsVisible = 0;
			defaultConfigurationName = Release;
		};
		BEA2962F16DAB2D900066468 /* Build configuration list for PBXNativeTarget "Burning HandsTests" */ = {
			isa = XCConfigurationList;
			buildConfigurations = (
				BEA2963016DAB2D900066468 /* Debug */,
				BEA2963116DAB2D900066468 /* Release */,
			);
			defaultConfigurationIsVisible = 0;
			defaultConfigurationName = Release;
		};
/* End XCConfigurationList section */
	};
	rootObject = BEA295E716DAB2D900066468 /* Project object */;
}
